
Microsoft Visual Studio Solution File, Format Version 12.00
# Visual Studio Version 16
VisualStudioVersion = 16.0.31019.35
MinimumVisualStudioVersion = 10.0.40219.1
Project("{FAE04EC0-301F-11D3-BF4B-00C04F79EFBC}") = "PMVOnline.Android", "PMVOnline\PMVOnline.Android\PMVOnline.Android.csproj", "{B9AFF991-D740-4E18-B0A8-243D75D72F54}"
EndProject
Project("{FAE04EC0-301F-11D3-BF4B-00C04F79EFBC}") = "PMVOnline.iOS", "PMVOnline\PMVOnline.iOS\PMVOnline.iOS.csproj", "{1C492179-D1FD-4742-8D3D-4AA34D4078A9}"
EndProject
Project("{FAE04EC0-301F-11D3-BF4B-00C04F79EFBC}") = "PMVOnline", "PMVOnline\PMVOnline\PMVOnline.csproj", "{ECE71BB0-3EC9-4F70-B1A6-1E4032249A23}"
EndProject
Project("{9A19103F-16F7-4668-BE54-9A1E7A4F7556}") = "PMVOnline.Api", "PMVOnline\PMVOnline.Api\PMVOnline.Api.csproj", "{DD69F1CE-1C83-4C7D-B39D-F62467D71CCD}"
EndProject
Project("{9A19103F-16F7-4668-BE54-9A1E7A4F7556}") = "PMVOnline.Localization", "PMVOnline\PMVOnline.Localization\PMVOnline.Localization.csproj", "{8B9FB247-27F2-42CE-9A7A-8FDE59ACCDAE}"
EndProject
Global
	GlobalSection(SolutionConfigurationPlatforms) = preSolution
		Debug|Any CPU = Debug|Any CPU
		Debug|iPhone = Debug|iPhone
		Debug|iPhoneSimulator = Debug|iPhoneSimulator
		Release|Any CPU = Release|Any CPU
		Release|iPhone = Release|iPhone
		Release|iPhoneSimulator = Release|iPhoneSimulator
	EndGlobalSection
	GlobalSection(ProjectConfigurationPlatforms) = postSolution
		{B9AFF991-D740-4E18-B0A8-243D75D72F54}.Debug|Any CPU.ActiveCfg = Debug|Any CPU
		{B9AFF991-D740-4E18-B0A8-243D75D72F54}.Debug|Any CPU.Build.0 = Debug|Any CPU
		{B9AFF991-D740-4E18-B0A8-243D75D72F54}.Debug|Any CPU.Deploy.0 = Debug|Any CPU
		{B9AFF991-D740-4E18-B0A8-243D75D72F54}.Debug|iPhone.ActiveCfg = Debug|Any CPU
		{B9AFF991-D740-4E18-B0A8-243D75D72F54}.Debug|iPhone.Build.0 = Debug|Any CPU
		{B9AFF991-D740-4E18-B0A8-243D75D72F54}.Debug|iPhone.Deploy.0 = Debug|Any CPU
		{B9AFF991-D740-4E18-B0A8-243D75D72F54}.Debug|iPhoneSimulator.ActiveCfg = Debug|Any CPU
		{B9AFF991-D740-4E18-B0A8-243D75D72F54}.Debug|iPhoneSimulator.Build.0 = Debug|Any CPU
		{B9AFF991-D740-4E18-B0A8-243D75D72F54}.Debug|iPhoneSimulator.Deploy.0 = Debug|Any CPU
		{B9AFF991-D740-4E18-B0A8-243D75D72F54}.Release|Any CPU.ActiveCfg = Release|Any CPU
		{B9AFF991-D740-4E18-B0A8-243D75D72F54}.Release|Any CPU.Build.0 = Release|Any CPU
		{B9AFF991-D740-4E18-B0A8-243D75D72F54}.Release|Any CPU.Deploy.0 = Release|Any CPU
		{B9AFF991-D740-4E18-B0A8-243D75D72F54}.Release|iPhone.ActiveCfg = Release|Any CPU
		{B9AFF991-D740-4E18-B0A8-243D75D72F54}.Release|iPhone.Build.0 = Release|Any CPU
		{B9AFF991-D740-4E18-B0A8-243D75D72F54}.Release|iPhone.Deploy.0 = Release|Any CPU
		{B9AFF991-D740-4E18-B0A8-243D75D72F54}.Release|iPhoneSimulator.ActiveCfg = Release|Any CPU
		{B9AFF991-D740-4E18-B0A8-243D75D72F54}.Release|iPhoneSimulator.Build.0 = Release|Any CPU
		{B9AFF991-D740-4E18-B0A8-243D75D72F54}.Release|iPhoneSimulator.Deploy.0 = Release|Any CPU
		{1C492179-D1FD-4742-8D3D-4AA34D4078A9}.Debug|Any CPU.ActiveCfg = Debug|iPhone
		{1C492179-D1FD-4742-8D3D-4AA34D4078A9}.Debug|Any CPU.Build.0 = Debug|iPhone
		{1C492179-D1FD-4742-8D3D-4AA34D4078A9}.Debug|Any CPU.Deploy.0 = Debug|iPhone
		{1C492179-D1FD-4742-8D3D-4AA34D4078A9}.Debug|iPhone.ActiveCfg = Debug|iPhone
		{1C492179-D1FD-4742-8D3D-4AA34D4078A9}.Debug|iPhone.Build.0 = Debug|iPhone
		{1C492179-D1FD-4742-8D3D-4AA34D4078A9}.Debug|iPhone.Deploy.0 = Debug|iPhone
		{1C492179-D1FD-4742-8D3D-4AA34D4078A9}.Debug|iPhoneSimulator.ActiveCfg = Debug|iPhoneSimulator
		{1C492179-D1FD-4742-8D3D-4AA34D4078A9}.Debug|iPhoneSimulator.Build.0 = Debug|iPhoneSimulator
		{1C492179-D1FD-4742-8D3D-4AA34D4078A9}.Debug|iPhoneSimulator.Deploy.0 = Debug|iPhoneSimulator
		{1C492179-D1FD-4742-8D3D-4AA34D4078A9}.Release|Any CPU.ActiveCfg = Release|iPhoneSimulator
		{1C492179-D1FD-4742-8D3D-4AA34D4078A9}.Release|Any CPU.Build.0 = Release|iPhoneSimulator
		{1C492179-D1FD-4742-8D3D-4AA34D4078A9}.Release|Any CPU.Deploy.0 = Release|iPhoneSimulator
		{1C492179-D1FD-4742-8D3D-4AA34D4078A9}.Release|iPhone.ActiveCfg = Release|iPhone
		{1C492179-D1FD-4742-8D3D-4AA34D4078A9}.Release|iPhone.Build.0 = Release|iPhone
		{1C492179-D1FD-4742-8D3D-4AA34D4078A9}.Release|iPhone.Deploy.0 = Release|iPhone
		{1C492179-D1FD-4742-8D3D-4AA34D4078A9}.Release|iPhoneSimulator.ActiveCfg = Release|iPhoneSimulator
		{1C492179-D1FD-4742-8D3D-4AA34D4078A9}.Release|iPhoneSimulator.Build.0 = Release|iPhoneSimulator
		{1C492179-D1FD-4742-8D3D-4AA34D4078A9}.Release|iPhoneSimulator.Deploy.0 = Release|iPhoneSimulator
		{ECE71BB0-3EC9-4F70-B1A6-1E4032249A23}.Debug|Any CPU.ActiveCfg = Debug|Any CPU
		{ECE71BB0-3EC9-4F70-B1A6-1E4032249A23}.Debug|Any CPU.Build.0 = Debug|Any CPU
		{ECE71BB0-3EC9-4F70-B1A6-1E4032249A23}.Debug|Any CPU.Deploy.0 = Debug|Any CPU
		{ECE71BB0-3EC9-4F70-B1A6-1E4032249A23}.Debug|iPhone.ActiveCfg = Debug|Any CPU
		{ECE71BB0-3EC9-4F70-B1A6-1E4032249A23}.Debug|iPhone.Build.0 = Debug|Any CPU
		{ECE71BB0-3EC9-4F70-B1A6-1E4032249A23}.Debug|iPhone.Deploy.0 = Debug|Any CPU
		{ECE71BB0-3EC9-4F70-B1A6-1E4032249A23}.Debug|iPhoneSimulator.ActiveCfg = Debug|Any CPU
		{ECE71BB0-3EC9-4F70-B1A6-1E4032249A23}.Debug|iPhoneSimulator.Build.0 = Debug|Any CPU
		{ECE71BB0-3EC9-4F70-B1A6-1E4032249A23}.Debug|iPhoneSimulator.Deploy.0 = Debug|Any CPU
		{ECE71BB0-3EC9-4F70-B1A6-1E4032249A23}.Release|Any CPU.ActiveCfg = Release|Any CPU
		{ECE71BB0-3EC9-4F70-B1A6-1E4032249A23}.Release|Any CPU.Build.0 = Release|Any CPU
		{ECE71BB0-3EC9-4F70-B1A6-1E4032249A23}.Release|Any CPU.Deploy.0 = Release|Any CPU
		{ECE71BB0-3EC9-4F70-B1A6-1E4032249A23}.Release|iPhone.ActiveCfg = Release|Any CPU
		{ECE71BB0-3EC9-4F70-B1A6-1E4032249A23}.Release|iPhone.Build.0 = Release|Any CPU
		{ECE71BB0-3EC9-4F70-B1A6-1E4032249A23}.Release|iPhone.Deploy.0 = Release|Any CPU
		{ECE71BB0-3EC9-4F70-B1A6-1E4032249A23}.Release|iPhoneSimulator.ActiveCfg = Release|Any CPU
		{ECE71BB0-3EC9-4F70-B1A6-1E4032249A23}.Release|iPhoneSimulator.Build.0 = Release|Any CPU
		{ECE71BB0-3EC9-4F70-B1A6-1E4032249A23}.Release|iPhoneSimulator.Deploy.0 = Release|Any CPU
		{DD69F1CE-1C83-4C7D-B39D-F62467D71CCD}.Debug|Any CPU.ActiveCfg = Debug|Any CPU
		{DD69F1CE-1C83-4C7D-B39D-F62467D71CCD}.Debug|Any CPU.Build.0 = Debug|Any CPU
		{DD69F1CE-1C83-4C7D-B39D-F62467D71CCD}.Debug|iPhone.ActiveCfg = Debug|Any CPU
		{DD69F1CE-1C83-4C7D-B39D-F62467D71CCD}.Debug|iPhone.Build.0 = Debug|Any CPU
		{DD69F1CE-1C83-4C7D-B39D-F62467D71CCD}.Debug|iPhoneSimulator.ActiveCfg = Debug|Any CPU
		{DD69F1CE-1C83-4C7D-B39D-F62467D71CCD}.Debug|iPhoneSimulator.Build.0 = Debug|Any CPU
		{DD69F1CE-1C83-4C7D-B39D-F62467D71CCD}.Release|Any CPU.ActiveCfg = Release|Any CPU
		{DD69F1CE-1C83-4C7D-B39D-F62467D71CCD}.Release|Any CPU.Build.0 = Release|Any CPU
		{DD69F1CE-1C83-4C7D-B39D-F62467D71CCD}.Release|iPhone.ActiveCfg = Release|Any CPU
		{DD69F1CE-1C83-4C7D-B39D-F62467D71CCD}.Release|iPhone.Build.0 = Release|Any CPU
		{DD69F1CE-1C83-4C7D-B39D-F62467D71CCD}.Release|iPhoneSimulator.ActiveCfg = Release|Any CPU
		{DD69F1CE-1C83-4C7D-B39D-F62467D71CCD}.Release|iPhoneSimulator.Build.0 = Release|Any CPU
		{8B9FB247-27F2-42CE-9A7A-8FDE59ACCDAE}.Debug|Any CPU.ActiveCfg = Debug|Any CPU
		{8B9FB247-27F2-42CE-9A7A-8FDE59ACCDAE}.Debug|Any CPU.Build.0 = Debug|Any CPU
		{8B9FB247-27F2-42CE-9A7A-8FDE59ACCDAE}.Debug|iPhone.ActiveCfg = Debug|Any CPU
		{8B9FB247-27F2-42CE-9A7A-8FDE59ACCDAE}.Debug|iPhone.Build.0 = Debug|Any CPU
		{8B9FB247-27F2-42CE-9A7A-8FDE59ACCDAE}.Debug|iPhoneSimulator.ActiveCfg = Debug|Any CPU
		{8B9FB247-27F2-42CE-9A7A-8FDE59ACCDAE}.Debug|iPhoneSimulator.Build.0 = Debug|Any CPU
		{8B9FB247-27F2-42CE-9A7A-8FDE59ACCDAE}.Release|Any CPU.ActiveCfg = Release|Any CPU
		{8B9FB247-27F2-42CE-9A7A-8FDE59ACCDAE}.Release|Any CPU.Build.0 = Release|Any CPU
		{8B9FB247-27F2-42CE-9A7A-8FDE59ACCDAE}.Release|iPhone.ActiveCfg = Release|Any CPU
		{8B9FB247-27F2-42CE-9A7A-8FDE59ACCDAE}.Release|iPhone.Build.0 = Release|Any CPU
		{8B9FB247-27F2-42CE-9A7A-8FDE59ACCDAE}.Release|iPhoneSimulator.ActiveCfg = Release|Any CPU
		{8B9FB247-27F2-42CE-9A7A-8FDE59ACCDAE}.Release|iPhoneSimulator.Build.0 = Release|Any CPU
	EndGlobalSection
	GlobalSection(SolutionProperties) = preSolution
		HideSolutionNode = FALSE
	EndGlobalSection
	GlobalSection(ExtensibilityGlobals) = postSolution
		SolutionGuid = {6F449625-2AD5-4A1F-84E6-57F4190B00F6}
	EndGlobalSection
EndGlobal
